
Microsoft Visual Studio Solution File, Format Version 12.00
# Visual Studio 15
VisualStudioVersion = 15.0.27130.2036
MinimumVisualStudioVersion = 10.0.40219.1
Project("{FAE04EC0-301F-11D3-BF4B-00C04F79EFBC}") = "DefenseGame", "DefenseGame\DefenseGame.csproj", "{3F83C77A-452C-4C9E-B855-E88E455A4ADA}"
EndProject
Global
	GlobalSection(SolutionConfigurationPlatforms) = preSolution
		Debug|x86 = Debug|x86
		Release|x86 = Release|x86
	EndGlobalSection
	GlobalSection(ProjectConfigurationPlatforms) = postSolution
		{3F83C77A-452C-4C9E-B855-E88E455A4ADA}.Debug|x86.ActiveCfg = Debug|x86
		{3F83C77A-452C-4C9E-B855-E88E455A4ADA}.Debug|x86.Build.0 = Debug|x86
		{3F83C77A-452C-4C9E-B855-E88E455A4ADA}.Release|x86.ActiveCfg = Release|x86
		{3F83C77A-452C-4C9E-B855-E88E455A4ADA}.Release|x86.Build.0 = Release|x86
	EndGlobalSection
	GlobalSection(SolutionProperties) = preSolution
		HideSolutionNode = FALSE
	EndGlobalSection
	GlobalSection(ExtensibilityGlobals) = postSolution
		SolutionGuid = {336C2C81-42FE-493F-9A6B-38677BF7C94E}
	EndGlobalSection
EndGlobal
